
Microsoft Visual Studio Solution File, Format Version 12.00
# Visual Studio Version 17
VisualStudioVersion = 17.13.35818.85 d17.13
MinimumVisualStudioVersion = 10.0.40219.1
Project("{FAE04EC0-301F-11D3-BF4B-00C04F79EFBC}") = "Projekt", "Projekt\Projekt.csproj", "{38165D2F-5087-4C54-9321-28990A9C2972}"
EndProject
Global
	GlobalSection(SolutionConfigurationPlatforms) = preSolution
		Debug|Any CPU = Debug|Any CPU
		Release|Any CPU = Release|Any CPU
	EndGlobalSection
	GlobalSection(ProjectConfigurationPlatforms) = postSolution
		{38165D2F-5087-4C54-9321-28990A9C2972}.Debug|Any CPU.ActiveCfg = Debug|Any CPU
		{38165D2F-5087-4C54-9321-28990A9C2972}.Debug|Any CPU.Build.0 = Debug|Any CPU
		{38165D2F-5087-4C54-9321-28990A9C2972}.Release|Any CPU.ActiveCfg = Release|Any CPU
		{38165D2F-5087-4C54-9321-28990A9C2972}.Release|Any CPU.Build.0 = Release|Any CPU
	EndGlobalSection
	GlobalSection(SolutionProperties) = preSolution
		HideSolutionNode = FALSE
	EndGlobalSection
	GlobalSection(ExtensibilityGlobals) = postSolution
		SolutionGuid = {A31B7601-A5D9-45E6-9317-9104B1045AFF}
	EndGlobalSection
EndGlobal
